
Microsoft Visual Studio Solution File, Format Version 12.00
# Visual Studio Version 17
VisualStudioVersion = 17.10.35004.147
MinimumVisualStudioVersion = 10.0.40219.1
Project("{FAE04EC0-301F-11D3-BF4B-00C04F79EFBC}") = "EndaEinGarasjeApp", "EndaEinGarasjeApp\EndaEinGarasjeApp.csproj", "{437B2E72-79F2-4AC1-8B69-56A27C868EBB}"
EndProject
Global
	GlobalSection(SolutionConfigurationPlatforms) = preSolution
		Debug|Any CPU = Debug|Any CPU
		Release|Any CPU = Release|Any CPU
	EndGlobalSection
	GlobalSection(ProjectConfigurationPlatforms) = postSolution
		{437B2E72-79F2-4AC1-8B69-56A27C868EBB}.Debug|Any CPU.ActiveCfg = Debug|Any CPU
		{437B2E72-79F2-4AC1-8B69-56A27C868EBB}.Debug|Any CPU.Build.0 = Debug|Any CPU
		{437B2E72-79F2-4AC1-8B69-56A27C868EBB}.Release|Any CPU.ActiveCfg = Release|Any CPU
		{437B2E72-79F2-4AC1-8B69-56A27C868EBB}.Release|Any CPU.Build.0 = Release|Any CPU
	EndGlobalSection
	GlobalSection(SolutionProperties) = preSolution
		HideSolutionNode = FALSE
	EndGlobalSection
	GlobalSection(ExtensibilityGlobals) = postSolution
		SolutionGuid = {7C7C1C36-1F5C-4FFE-A798-7484B3337381}
	EndGlobalSection
EndGlobal
